// !$*UTF8*$!
{
	archiveVersion = 1;
	classes = {
	};
	objectVersion = 56;
	objects = {

/* Begin PBXBuildFile section */
		DB6DD1F82B6552BD003E8FA1 /* LandMarksApp.swift in Sources */ = {isa = PBXBuildFile; fileRef = DB6DD1F72B6552BD003E8FA1 /* LandMarksApp.swift */; };
		DB6DD1FC2B6552BF003E8FA1 /* Assets.xcassets in Resources */ = {isa = PBXBuildFile; fileRef = DB6DD1FB2B6552BF003E8FA1 /* Assets.xcassets */; };
		DB6DD1FF2B6552BF003E8FA1 /* Preview Assets.xcassets in Resources */ = {isa = PBXBuildFile; fileRef = DB6DD1FE2B6552BF003E8FA1 /* Preview Assets.xcassets */; };
		DB6DD2072B6552FF003E8FA1 /* DetailView.swift in Sources */ = {isa = PBXBuildFile; fileRef = DB6DD2062B6552FF003E8FA1 /* DetailView.swift */; };
		DB6DD20A2B6554AF003E8FA1 /* LandMark.swift in Sources */ = {isa = PBXBuildFile; fileRef = DB6DD2092B6554AF003E8FA1 /* LandMark.swift */; };
		DB6DD20C2B6556A7003E8FA1 /* ListView.swift in Sources */ = {isa = PBXBuildFile; fileRef = DB6DD20B2B6556A7003E8FA1 /* ListView.swift */; };
		DB6DD20E2B655881003E8FA1 /* ListItemView.swift in Sources */ = {isa = PBXBuildFile; fileRef = DB6DD20D2B655881003E8FA1 /* ListItemView.swift */; };
		DB6DD2102B6558DE003E8FA1 /* GalleryViewItem.swift in Sources */ = {isa = PBXBuildFile; fileRef = DB6DD20F2B6558DE003E8FA1 /* GalleryViewItem.swift */; };
		DB6DD2122B655929003E8FA1 /* GalleryView.swift in Sources */ = {isa = PBXBuildFile; fileRef = DB6DD2112B655929003E8FA1 /* GalleryView.swift */; };
/* End PBXBuildFile section */

/* Begin PBXFileReference section */
		DB6DD1F42B6552BD003E8FA1 /* LandMarks.app */ = {isa = PBXFileReference; explicitFileType = wrapper.application; includeInIndex = 0; path = LandMarks.app; sourceTree = BUILT_PRODUCTS_DIR; };
		DB6DD1F72B6552BD003E8FA1 /* LandMarksApp.swift */ = {isa = PBXFileReference; lastKnownFileType = sourcecode.swift; path = LandMarksApp.swift; sourceTree = "<group>"; };
		DB6DD1FB2B6552BF003E8FA1 /* Assets.xcassets */ = {isa = PBXFileReference; lastKnownFileType = folder.assetcatalog; path = Assets.xcassets; sourceTree = "<group>"; };
		DB6DD1FE2B6552BF003E8FA1 /* Preview Assets.xcassets */ = {isa = PBXFileReference; lastKnownFileType = folder.assetcatalog; path = "Preview Assets.xcassets"; sourceTree = "<group>"; };
		DB6DD2062B6552FF003E8FA1 /* DetailView.swift */ = {isa = PBXFileReference; lastKnownFileType = sourcecode.swift; path = DetailView.swift; sourceTree = "<group>"; };
		DB6DD2092B6554AF003E8FA1 /* LandMark.swift */ = {isa = PBXFileReference; lastKnownFileType = sourcecode.swift; path = LandMark.swift; sourceTree = "<group>"; };
		DB6DD20B2B6556A7003E8FA1 /* ListView.swift */ = {isa = PBXFileReference; lastKnownFileType = sourcecode.swift; path = ListView.swift; sourceTree = SOURCE_ROOT; };
		DB6DD20D2B655881003E8FA1 /* ListItemView.swift */ = {isa = PBXFileReference; lastKnownFileType = sourcecode.swift; path = ListItemView.swift; sourceTree = "<group>"; };
		DB6DD20F2B6558DE003E8FA1 /* GalleryViewItem.swift */ = {isa = PBXFileReference; lastKnownFileType = sourcecode.swift; path = GalleryViewItem.swift; sourceTree = "<group>"; };
		DB6DD2112B655929003E8FA1 /* GalleryView.swift */ = {isa = PBXFileReference; lastKnownFileType = sourcecode.swift; path = GalleryView.swift; sourceTree = "<group>"; };
/* End PBXFileReference section */

/* Begin PBXFrameworksBuildPhase section */
		DB6DD1F12B6552BD003E8FA1 /* Frameworks */ = {
			isa = PBXFrameworksBuildPhase;
			buildActionMask = 2147483647;
			files = (
			);
			runOnlyForDeploymentPostprocessing = 0;
		};
/* End PBXFrameworksBuildPhase section */

/* Begin PBXGroup section */
		DB6DD1EB2B6552BD003E8FA1 = {
			isa = PBXGroup;
			children = (
				DB6DD1F62B6552BD003E8FA1 /* LandMarks */,
				DB6DD1F52B6552BD003E8FA1 /* Products */,
			);
			sourceTree = "<group>";
		};
		DB6DD1F52B6552BD003E8FA1 /* Products */ = {
			isa = PBXGroup;
			children = (
				DB6DD1F42B6552BD003E8FA1 /* LandMarks.app */,
			);
			name = Products;
			sourceTree = "<group>";
		};
		DB6DD1F62B6552BD003E8FA1 /* LandMarks */ = {
			isa = PBXGroup;
			children = (
				DB6DD1F72B6552BD003E8FA1 /* LandMarksApp.swift */,
				DB6DD2082B655489003E8FA1 /* Model */,
				DB6DD2052B6552D1003E8FA1 /* Views */,
				DB6DD1FB2B6552BF003E8FA1 /* Assets.xcassets */,
				DB6DD1FD2B6552BF003E8FA1 /* Preview Content */,
			);
			path = LandMarks;
			sourceTree = "<group>";
		};
		DB6DD1FD2B6552BF003E8FA1 /* Preview Content */ = {
			isa = PBXGroup;
			children = (
				DB6DD1FE2B6552BF003E8FA1 /* Preview Assets.xcassets */,
			);
			path = "Preview Content";
			sourceTree = "<group>";
		};
		DB6DD2052B6552D1003E8FA1 /* Views */ = {
			isa = PBXGroup;
			children = (
				DB6DD2062B6552FF003E8FA1 /* DetailView.swift */,
				DB6DD20B2B6556A7003E8FA1 /* ListView.swift */,
				DB6DD20D2B655881003E8FA1 /* ListItemView.swift */,
				DB6DD20F2B6558DE003E8FA1 /* GalleryViewItem.swift */,
				DB6DD2112B655929003E8FA1 /* GalleryView.swift */,
			);
			path = Views;
			sourceTree = "<group>";
		};
		DB6DD2082B655489003E8FA1 /* Model */ = {
			isa = PBXGroup;
			children = (
				DB6DD2092B6554AF003E8FA1 /* LandMark.swift */,
			);
			path = Model;
			sourceTree = "<group>";
		};
/* End PBXGroup section */

/* Begin PBXNativeTarget section */
		DB6DD1F32B6552BD003E8FA1 /* LandMarks */ = {
			isa = PBXNativeTarget;
			buildConfigurationList = DB6DD2022B6552BF003E8FA1 /* Build configuration list for PBXNativeTarget "LandMarks" */;
			buildPhases = (
				DB6DD1F02B6552BD003E8FA1 /* Sources */,
				DB6DD1F12B6552BD003E8FA1 /* Frameworks */,
				DB6DD1F22B6552BD003E8FA1 /* Resources */,
			);
			buildRules = (
			);
			dependencies = (
			);
			name = LandMarks;
			productName = LandMarks;
			productReference = DB6DD1F42B6552BD003E8FA1 /* LandMarks.app */;
			productType = "com.apple.product-type.application";
		};
/* End PBXNativeTarget section */

/* Begin PBXProject section */
		DB6DD1EC2B6552BD003E8FA1 /* Project object */ = {
			isa = PBXProject;
			attributes = {
				BuildIndependentTargetsInParallel = 1;
				LastSwiftUpdateCheck = 1520;
				LastUpgradeCheck = 1520;
				TargetAttributes = {
					DB6DD1F32B6552BD003E8FA1 = {
						CreatedOnToolsVersion = 15.2;
					};
				};
			};
			buildConfigurationList = DB6DD1EF2B6552BD003E8FA1 /* Build configuration list for PBXProject "LandMarks" */;
			compatibilityVersion = "Xcode 14.0";
			developmentRegion = en;
			hasScannedForEncodings = 0;
			knownRegions = (
				en,
				Base,
			);
			mainGroup = DB6DD1EB2B6552BD003E8FA1;
			productRefGroup = DB6DD1F52B6552BD003E8FA1 /* Products */;
			projectDirPath = "";
			projectRoot = "";
			targets = (
				DB6DD1F32B6552BD003E8FA1 /* LandMarks */,
			);
		};
/* End PBXProject section */

/* Begin PBXResourcesBuildPhase section */
		DB6DD1F22B6552BD003E8FA1 /* Resources */ = {
			isa = PBXResourcesBuildPhase;
			buildActionMask = 2147483647;
			files = (
				DB6DD1FF2B6552BF003E8FA1 /* Preview Assets.xcassets in Resources */,
				DB6DD1FC2B6552BF003E8FA1 /* Assets.xcassets in Resources */,
			);
			runOnlyForDeploymentPostprocessing = 0;
		};
/* End PBXResourcesBuildPhase section */

/* Begin PBXSourcesBuildPhase section */
		DB6DD1F02B6552BD003E8FA1 /* Sources */ = {
			isa = PBXSourcesBuildPhase;
			buildActionMask = 2147483647;
			files = (
				DB6DD2122B655929003E8FA1 /* GalleryView.swift in Sources */,
				DB6DD20E2B655881003E8FA1 /* ListItemView.swift in Sources */,
				DB6DD20C2B6556A7003E8FA1 /* ListView.swift in Sources */,
				DB6DD2102B6558DE003E8FA1 /* GalleryViewItem.swift in Sources */,
				DB6DD20A2B6554AF003E8FA1 /* LandMark.swift in Sources */,
				DB6DD1F82B6552BD003E8FA1 /* LandMarksApp.swift in Sources */,
				DB6DD2072B6552FF003E8FA1 /* DetailView.swift in Sources */,
			);
			runOnlyForDeploymentPostprocessing = 0;
		};
/* End PBXSourcesBuildPhase section */

/* Begin XCBuildConfiguration section */
		DB6DD2002B6552BF003E8FA1 /* Debug */ = {
			isa = XCBuildConfiguration;
			buildSettings = {
				ALWAYS_SEARCH_USER_PATHS = NO;
				ASSETCATALOG_COMPILER_GENERATE_SWIFT_ASSET_SYMBOL_EXTENSIONS = YES;
				CLANG_ANALYZER_NONNULL = YES;
				CLANG_ANALYZER_NUMBER_OBJECT_CONVERSION = YES_AGGRESSIVE;
				CLANG_CXX_LANGUAGE_STANDARD = "gnu++20";
				CLANG_ENABLE_MODULES = YES;
				CLANG_ENABLE_OBJC_ARC = YES;
				CLANG_ENABLE_OBJC_WEAK = YES;
				CLANG_WARN_BLOCK_CAPTURE_AUTORELEASING = YES;
				CLANG_WARN_BOOL_CONVERSION = YES;
				CLANG_WARN_COMMA = YES;
				CLANG_WARN_CONSTANT_CONVERSION = YES;
				CLANG_WARN_DEPRECATED_OBJC_IMPLEMENTATIONS = YES;
				CLANG_WARN_DIRECT_OBJC_ISA_USAGE = YES_ERROR;
				CLANG_WARN_DOCUMENTATION_COMMENTS = YES;
				CLANG_WARN_EMPTY_BODY = YES;
				CLANG_WARN_ENUM_CONVERSION = YES;
				CLANG_WARN_INFINITE_RECURSION = YES;
				CLANG_WARN_INT_CONVERSION = YES;
				CLANG_WARN_NON_LITERAL_NULL_CONVERSION = YES;
				CLANG_WARN_OBJC_IMPLICIT_RETAIN_SELF = YES;
				CLANG_WARN_OBJC_LITERAL_CONVERSION = YES;
				CLANG_WARN_OBJC_ROOT_CLASS = YES_ERROR;
				CLANG_WARN_QUOTED_INCLUDE_IN_FRAMEWORK_HEADER = YES;
				CLANG_WARN_RANGE_LOOP_ANALYSIS = YES;
				CLANG_WARN_STRICT_PROTOTYPES = YES;
				CLANG_WARN_SUSPICIOUS_MOVE = YES;
				CLANG_WARN_UNGUARDED_AVAILABILITY = YES_AGGRESSIVE;
				CLANG_WARN_UNREACHABLE_CODE = YES;
				CLANG_WARN__DUPLICATE_METHOD_MATCH = YES;
				COPY_PHASE_STRIP = NO;
				DEBUG_INFORMATION_FORMAT = dwarf;
				ENABLE_STRICT_OBJC_MSGSEND = YES;
				ENABLE_TESTABILITY = YES;
				ENABLE_USER_SCRIPT_SANDBOXING = YES;
				GCC_C_LANGUAGE_STANDARD = gnu17;
				GCC_DYNAMIC_NO_PIC = NO;
				GCC_NO_COMMON_BLOCKS = YES;
				GCC_OPTIMIZATION_LEVEL = 0;
				GCC_PREPROCESSOR_DEFINITIONS = (
					"DEBUG=1",
					"$(inherited)",
				);
				GCC_WARN_64_TO_32_BIT_CONVERSION = YES;
				GCC_WARN_ABOUT_RETURN_TYPE = YES_ERROR;
				GCC_WARN_UNDECLARED_SELECTOR = YES;
				GCC_WARN_UNINITIALIZED_AUTOS = YES_AGGRESSIVE;
				GCC_WARN_UNUSED_FUNCTION = YES;
				GCC_WARN_UNUSED_VARIABLE = YES;
				IPHONEOS_DEPLOYMENT_TARGET = 17.2;
				LOCALIZATION_PREFERS_STRING_CATALOGS = YES;
				MTL_ENABLE_DEBUG_INFO = INCLUDE_SOURCE;
				MTL_FAST_MATH = YES;
				ONLY_ACTIVE_ARCH = YES;
				SDKROOT = iphoneos;
				SWIFT_ACTIVE_COMPILATION_CONDITIONS = "DEBUG $(inherited)";
				SWIFT_OPTIMIZATION_LEVEL = "-Onone";
			};
			name = Debug;
		};
		DB6DD2012B6552BF003E8FA1 /* Release */ = {
			isa = XCBuildConfiguration;
			buildSettings = {
				ALWAYS_SEARCH_USER_PATHS = NO;
				ASSETCATALOG_COMPILER_GENERATE_SWIFT_ASSET_SYMBOL_EXTENSIONS = YES;
				CLANG_ANALYZER_NONNULL = YES;
				CLANG_ANALYZER_NUMBER_OBJECT_CONVERSION = YES_AGGRESSIVE;
				CLANG_CXX_LANGUAGE_STANDARD = "gnu++20";
				CLANG_ENABLE_MODULES = YES;
				CLANG_ENABLE_OBJC_ARC = YES;
				CLANG_ENABLE_OBJC_WEAK = YES;
				CLANG_WARN_BLOCK_CAPTURE_AUTORELEASING = YES;
				CLANG_WARN_BOOL_CONVERSION = YES;
				CLANG_WARN_COMMA = YES;
				CLANG_WARN_CONSTANT_CONVERSION = YES;
				CLANG_WARN_DEPRECATED_OBJC_IMPLEMENTATIONS = YES;
				CLANG_WARN_DIRECT_OBJC_ISA_USAGE = YES_ERROR;
				CLANG_WARN_DOCUMENTATION_COMMENTS = YES;
				CLANG_WARN_EMPTY_BODY = YES;
				CLANG_WARN_ENUM_CONVERSION = YES;
				CLANG_WARN_INFINITE_RECURSION = YES;
				CLANG_WARN_INT_CONVERSION = YES;
				CLANG_WARN_NON_LITERAL_NULL_CONVERSION = YES;
				CLANG_WARN_OBJC_IMPLICIT_RETAIN_SELF = YES;
				CLANG_WARN_OBJC_LITERAL_CONVERSION = YES;
				CLANG_WARN_OBJC_ROOT_CLASS = YES_ERROR;
				CLANG_WARN_QUOTED_INCLUDE_IN_FRAMEWORK_HEADER = YES;
				CLANG_WARN_RANGE_LOOP_ANALYSIS = YES;
				CLANG_WARN_STRICT_PROTOTYPES = YES;
				CLANG_WARN_SUSPICIOUS_MOVE = YES;
				CLANG_WARN_UNGUARDED_AVAILABILITY = YES_AGGRESSIVE;
				CLANG_WARN_UNREACHABLE_CODE = YES;
				CLANG_WARN__DUPLICATE_METHOD_MATCH = YES;
				COPY_PHASE_STRIP = NO;
				DEBUG_INFORMATION_FORMAT = "dwarf-with-dsym";
				ENABLE_NS_ASSERTIONS = NO;
				ENABLE_STRICT_OBJC_MSGSEND = YES;
				ENABLE_USER_SCRIPT_SANDBOXING = YES;
				GCC_C_LANGUAGE_STANDARD = gnu17;
				GCC_NO_COMMON_BLOCKS = YES;
				GCC_WARN_64_TO_32_BIT_CONVERSION = YES;
				GCC_WARN_ABOUT_RETURN_TYPE = YES_ERROR;
				GCC_WARN_UNDECLARED_SELECTOR = YES;
				GCC_WARN_UNINITIALIZED_AUTOS = YES_AGGRESSIVE;
				GCC_WARN_UNUSED_FUNCTION = YES;
				GCC_WARN_UNUSED_VARIABLE = YES;
				IPHONEOS_DEPLOYMENT_TARGET = 17.2;
				LOCALIZATION_PREFERS_STRING_CATALOGS = YES;
				MTL_ENABLE_DEBUG_INFO = NO;
				MTL_FAST_MATH = YES;
				SDKROOT = iphoneos;
				SWIFT_COMPILATION_MODE = wholemodule;
				VALIDATE_PRODUCT = YES;
			};
			name = Release;
		};
		DB6DD2032B6552BF003E8FA1 /* Debug */ = {
			isa = XCBuildConfiguration;
			buildSettings = {
				ASSETCATALOG_COMPILER_APPICON_NAME = AppIcon;
				ASSETCATALOG_COMPILER_GLOBAL_ACCENT_COLOR_NAME = AccentColor;
				CODE_SIGN_STYLE = Automatic;
				CURRENT_PROJECT_VERSION = 1;
				DEVELOPMENT_ASSET_PATHS = "\"LandMarks/Preview Content\"";
				DEVELOPMENT_TEAM = Y5H78DP4LK;
				ENABLE_PREVIEWS = YES;
				GENERATE_INFOPLIST_FILE = YES;
				INFOPLIST_KEY_UIApplicationSceneManifest_Generation = YES;
				INFOPLIST_KEY_UIApplicationSupportsIndirectInputEvents = YES;
				INFOPLIST_KEY_UILaunchScreen_Generation = YES;
				INFOPLIST_KEY_UISupportedInterfaceOrientations_iPad = "UIInterfaceOrientationPortrait UIInterfaceOrientationPortraitUpsideDown UIInterfaceOrientationLandscapeLeft UIInterfaceOrientationLandscapeRight";
				INFOPLIST_KEY_UISupportedInterfaceOrientations_iPhone = "UIInterfaceOrientationPortrait UIInterfaceOrientationLandscapeLeft UIInterfaceOrientationLandscapeRight";
				LD_RUNPATH_SEARCH_PATHS = (
					"$(inherited)",
					"@executable_path/Frameworks",
				);
				MARKETING_VERSION = 1.0;
				PRODUCT_BUNDLE_IDENTIFIER = com.CooperAJ.LandMarks;
				PRODUCT_NAME = "$(TARGET_NAME)";
				SWIFT_EMIT_LOC_STRINGS = YES;
				SWIFT_VERSION = 5.0;
				TARGETED_DEVICE_FAMILY = "1,2";
			};
			name = Debug;
		};
		DB6DD2042B6552BF003E8FA1 /* Release */ = {
			isa = XCBuildConfiguration;
			buildSettings = {
				ASSETCATALOG_COMPILER_APPICON_NAME = AppIcon;
				ASSETCATALOG_COMPILER_GLOBAL_ACCENT_COLOR_NAME = AccentColor;
				CODE_SIGN_STYLE = Automatic;
				CURRENT_PROJECT_VERSION = 1;
				DEVELOPMENT_ASSET_PATHS = "\"LandMarks/Preview Content\"";
				DEVELOPMENT_TEAM = Y5H78DP4LK;
				ENABLE_PREVIEWS = YES;
				GENERATE_INFOPLIST_FILE = YES;
				INFOPLIST_KEY_UIApplicationSceneManifest_Generation = YES;
				INFOPLIST_KEY_UIApplicationSupportsIndirectInputEvents = YES;
				INFOPLIST_KEY_UILaunchScreen_Generation = YES;
				INFOPLIST_KEY_UISupportedInterfaceOrientations_iPad = "UIInterfaceOrientationPortrait UIInterfaceOrientationPortraitUpsideDown UIInterfaceOrientationLandscapeLeft UIInterfaceOrientationLandscapeRight";
				INFOPLIST_KEY_UISupportedInterfaceOrientations_iPhone = "UIInterfaceOrientationPortrait UIInterfaceOrientationLandscapeLeft UIInterfaceOrientationLandscapeRight";
				LD_RUNPATH_SEARCH_PATHS = (
					"$(inherited)",
					"@executable_path/Frameworks",
				);
				MARKETING_VERSION = 1.0;
				PRODUCT_BUNDLE_IDENTIFIER = com.CooperAJ.LandMarks;
				PRODUCT_NAME = "$(TARGET_NAME)";
				SWIFT_EMIT_LOC_STRINGS = YES;
				SWIFT_VERSION = 5.0;
				TARGETED_DEVICE_FAMILY = "1,2";
			};
			name = Release;
		};
/* End XCBuildConfiguration section */

/* Begin XCConfigurationList section */
		DB6DD1EF2B6552BD003E8FA1 /* Build configuration list for PBXProject "LandMarks" */ = {
			isa = XCConfigurationList;
			buildConfigurations = (
				DB6DD2002B6552BF003E8FA1 /* Debug */,
				DB6DD2012B6552BF003E8FA1 /* Release */,
			);
			defaultConfigurationIsVisible = 0;
			defaultConfigurationName = Release;
		};
		DB6DD2022B6552BF003E8FA1 /* Build configuration list for PBXNativeTarget "LandMarks" */ = {
			isa = XCConfigurationList;
			buildConfigurations = (
				DB6DD2032B6552BF003E8FA1 /* Debug */,
				DB6DD2042B6552BF003E8FA1 /* Release */,
			);
			defaultConfigurationIsVisible = 0;
			defaultConfigurationName = Release;
		};
/* End XCConfigurationList section */
	};
	rootObject = DB6DD1EC2B6552BD003E8FA1 /* Project object */;
}
